
Microsoft Visual Studio Solution File, Format Version 12.00
# Visual Studio 15
VisualStudioVersion = 15.0.28307.136
MinimumVisualStudioVersion = 10.0.40219.1
Project("{FAE04EC0-301F-11D3-BF4B-00C04F79EFBC}") = "ElectionKata", "src\ElectionKata\ElectionKata.csproj", "{EE380B86-82A5-4E78-BC1B-C04114771298}"
EndProject
Project("{2150E333-8FDC-42A3-9474-1A3956D46DE8}") = "Solution Items", "Solution Items", "{D4B02683-FC94-4571-91C0-6F65C5749E2E}"
	ProjectSection(SolutionItems) = preProject
		README.md = README.md
	EndProjectSection
EndProject
Project("{FAE04EC0-301F-11D3-BF4B-00C04F79EFBC}") = "ElectionKataTests", "tests\ElectionKataTests\ElectionKataTests.csproj", "{45535C80-51DD-427A-906E-DBDA377CDB42}"
EndProject
Global
	GlobalSection(SolutionConfigurationPlatforms) = preSolution
		Debug|Any CPU = Debug|Any CPU
		Release|Any CPU = Release|Any CPU
	EndGlobalSection
	GlobalSection(ProjectConfigurationPlatforms) = postSolution
		{EE380B86-82A5-4E78-BC1B-C04114771298}.Debug|Any CPU.ActiveCfg = Debug|Any CPU
		{EE380B86-82A5-4E78-BC1B-C04114771298}.Debug|Any CPU.Build.0 = Debug|Any CPU
		{EE380B86-82A5-4E78-BC1B-C04114771298}.Release|Any CPU.ActiveCfg = Release|Any CPU
		{EE380B86-82A5-4E78-BC1B-C04114771298}.Release|Any CPU.Build.0 = Release|Any CPU
		{45535C80-51DD-427A-906E-DBDA377CDB42}.Debug|Any CPU.ActiveCfg = Debug|Any CPU
		{45535C80-51DD-427A-906E-DBDA377CDB42}.Debug|Any CPU.Build.0 = Debug|Any CPU
		{45535C80-51DD-427A-906E-DBDA377CDB42}.Release|Any CPU.ActiveCfg = Release|Any CPU
		{45535C80-51DD-427A-906E-DBDA377CDB42}.Release|Any CPU.Build.0 = Release|Any CPU
	EndGlobalSection
	GlobalSection(SolutionProperties) = preSolution
		HideSolutionNode = FALSE
	EndGlobalSection
	GlobalSection(ExtensibilityGlobals) = postSolution
		SolutionGuid = {D8CF507B-65EA-47DA-88A8-9D7765B9BACF}
	EndGlobalSection
EndGlobal
